Microsoft Visual Studio Solution File, Format Version 12.00
# Visual Studio Version 17
Project("{FAE04EC0-301F-11D3-BF4B-00C04F79EFBC}") = "TrueFaceLinuxPOC", "TrueFaceLinuxPOC.csproj", "{A1B2C3D4-E5F6-4711-8901-ABCDEF000001}"
EndProject
Project("{FAE04EC0-301F-11D3-BF4B-00C04F79EFBC}") = "NetSDKCS", "NetSDKCS\NetSDKCS.csproj", "{A1B2C3D4-E5F6-4711-8901-ABCDEF000002}"
EndProject
Project("{FAE04EC0-301F-11D3-BF4B-00C04F79EFBC}") = "TrueFaceLinuxPOC.Tests", "tests\TrueFaceLinuxPOC.Tests\TrueFaceLinuxPOC.Tests.csproj", "{A1B2C3D4-E5F6-4711-8901-ABCDEF000003}"
EndProject
Global
	GlobalSection(SolutionConfigurationPlatforms) = preSolution
		Debug|Any CPU = Debug|Any CPU
		Release|Any CPU = Release|Any CPU
	EndGlobalSection
	GlobalSection(ProjectConfigurationPlatforms) = postSolution
		{A1B2C3D4-E5F6-4711-8901-ABCDEF000001}.Debug|Any CPU.ActiveCfg = Debug|Any CPU
		{A1B2C3D4-E5F6-4711-8901-ABCDEF000001}.Debug|Any CPU.Build.0 = Debug|Any CPU
		{A1B2C3D4-E5F6-4711-8901-ABCDEF000001}.Release|Any CPU.ActiveCfg = Release|Any CPU
		{A1B2C3D4-E5F6-4711-8901-ABCDEF000001}.Release|Any CPU.Build.0 = Release|Any CPU
		{A1B2C3D4-E5F6-4711-8901-ABCDEF000002}.Debug|Any CPU.ActiveCfg = Debug|Any CPU
		{A1B2C3D4-E5F6-4711-8901-ABCDEF000002}.Debug|Any CPU.Build.0 = Debug|Any CPU
		{A1B2C3D4-E5F6-4711-8901-ABCDEF000002}.Release|Any CPU.ActiveCfg = Release|Any CPU
		{A1B2C3D4-E5F6-4711-8901-ABCDEF000002}.Release|Any CPU.Build.0 = Release|Any CPU
		{A1B2C3D4-E5F6-4711-8901-ABCDEF000003}.Debug|Any CPU.ActiveCfg = Debug|Any CPU
		{A1B2C3D4-E5F6-4711-8901-ABCDEF000003}.Debug|Any CPU.Build.0 = Debug|Any CPU
		{A1B2C3D4-E5F6-4711-8901-ABCDEF000003}.Release|Any CPU.ActiveCfg = Release|Any CPU
		{A1B2C3D4-E5F6-4711-8901-ABCDEF000003}.Release|Any CPU.Build.0 = Release|Any CPU
	EndGlobalSection
EndGlobal
